
Microsoft Visual Studio Solution File, Format Version 12.00
# Visual Studio Version 17
VisualStudioVersion = 17.4.33122.133
MinimumVisualStudioVersion = 10.0.40219.1
Project("{FAE04EC0-301F-11D3-BF4B-00C04F79EFBC}") = "WebBeforeMVC", "WebBeforeMVC\WebBeforeMVC.csproj", "{EC7B8A6D-A13F-4F8A-9400-B45393EEA52B}"
EndProject
Global
	GlobalSection(SolutionConfigurationPlatforms) = preSolution
		Debug|Any CPU = Debug|Any CPU
		Release|Any CPU = Release|Any CPU
	EndGlobalSection
	GlobalSection(ProjectConfigurationPlatforms) = postSolution
		{EC7B8A6D-A13F-4F8A-9400-B45393EEA52B}.Debug|Any CPU.ActiveCfg = Debug|Any CPU
		{EC7B8A6D-A13F-4F8A-9400-B45393EEA52B}.Debug|Any CPU.Build.0 = Debug|Any CPU
		{EC7B8A6D-A13F-4F8A-9400-B45393EEA52B}.Release|Any CPU.ActiveCfg = Release|Any CPU
		{EC7B8A6D-A13F-4F8A-9400-B45393EEA52B}.Release|Any CPU.Build.0 = Release|Any CPU
	EndGlobalSection
	GlobalSection(SolutionProperties) = preSolution
		HideSolutionNode = FALSE
	EndGlobalSection
	GlobalSection(ExtensibilityGlobals) = postSolution
		SolutionGuid = {A163F079-3176-47C2-93B6-F92080F89492}
	EndGlobalSection
EndGlobal
